// !$*UTF8*$!
{
	archiveVersion = 1;
	classes = {
	};
	objectVersion = 52;
	objects = {

/* Begin PBXBuildFile section */
		811EE60F258F8E4600488707 /* DownloadManager.swift in Sources */ = {isa = PBXBuildFile; fileRef = 811EE60E258F8E4600488707 /* DownloadManager.swift */; };
		811EE613258F8FA200488707 /* DownloadModel.swift in Sources */ = {isa = PBXBuildFile; fileRef = 811EE612258F8FA200488707 /* DownloadModel.swift */; };
		812514DB25914F60007B4E40 /* MainViewController+ContextualMenus.swift in Sources */ = {isa = PBXBuildFile; fileRef = 812514DA25914F60007B4E40 /* MainViewController+ContextualMenus.swift */; };
		812514DF25915840007B4E40 /* NetworkManager.swift in Sources */ = {isa = PBXBuildFile; fileRef = 812514DE25915840007B4E40 /* NetworkManager.swift */; };
		8127AB88258E31B1008373AD /* UtilitiesTests.swift in Sources */ = {isa = PBXBuildFile; fileRef = 8127AB87258E31B1008373AD /* UtilitiesTests.swift */; };
		814B19FE2592270600396D66 /* DownloadTableCellRowView.swift in Sources */ = {isa = PBXBuildFile; fileRef = 814B19FD2592270600396D66 /* DownloadTableCellRowView.swift */; };
		814B1A042592402800396D66 /* DownloadManagerDelegate.swift in Sources */ = {isa = PBXBuildFile; fileRef = 814B1A032592402800396D66 /* DownloadManagerDelegate.swift */; };
		814FC036258CEC5700B086E4 /* URLAndDestModel.swift in Sources */ = {isa = PBXBuildFile; fileRef = 814FC035258CEC5700B086E4 /* URLAndDestModel.swift */; };
		814FC03D258CFC6C00B086E4 /* Extensions.swift in Sources */ = {isa = PBXBuildFile; fileRef = 814FC03C258CFC6C00B086E4 /* Extensions.swift */; };
		81A73548258BD2E7006FF70A /* DownloadTableCellView.swift in Sources */ = {isa = PBXBuildFile; fileRef = 81A73547258BD2E6006FF70A /* DownloadTableCellView.swift */; };
		81BC54B32593DDE3001C2385 /* MenuItem.swift in Sources */ = {isa = PBXBuildFile; fileRef = 81BC54B22593DDE3001C2385 /* MenuItem.swift */; };
		81BC54B92593DE94001C2385 /* ContentType.swift in Sources */ = {isa = PBXBuildFile; fileRef = 81BC54B82593DE94001C2385 /* ContentType.swift */; };
		81CBF28B2588ECDD00FB9D2F /* AppDelegate.swift in Sources */ = {isa = PBXBuildFile; fileRef = 81CBF28A2588ECDD00FB9D2F /* AppDelegate.swift */; };
		81CBF28D2588ECDD00FB9D2F /* MainViewController.swift in Sources */ = {isa = PBXBuildFile; fileRef = 81CBF28C2588ECDD00FB9D2F /* MainViewController.swift */; };
		81CBF28F2588ECDE00FB9D2F /* Assets.xcassets in Resources */ = {isa = PBXBuildFile; fileRef = 81CBF28E2588ECDE00FB9D2F /* Assets.xcassets */; };
		81CBF2922588ECDE00FB9D2F /* Main.storyboard in Resources */ = {isa = PBXBuildFile; fileRef = 81CBF2902588ECDE00FB9D2F /* Main.storyboard */; };
		81CBF2A12588EEC300FB9D2F /* Alamofire in Frameworks */ = {isa = PBXBuildFile; productRef = 81CBF2A02588EEC300FB9D2F /* Alamofire */; };
		81D7A6D2258CD3060061AC1F /* DestinationPickerViewController.swift in Sources */ = {isa = PBXBuildFile; fileRef = 81D7A6D0258CD3060061AC1F /* DestinationPickerViewController.swift */; };
/* End PBXBuildFile section */

/* Begin PBXContainerItemProxy section */
		8127AB8A258E31B1008373AD /* PBXContainerItemProxy */ = {
			isa = PBXContainerItemProxy;
			containerPortal = 81CBF27F2588ECDD00FB9D2F /* Project object */;
			proxyType = 1;
			remoteGlobalIDString = 81CBF2862588ECDD00FB9D2F;
			remoteInfo = "dl-buddy";
		};
/* End PBXContainerItemProxy section */

/* Begin PBXFileReference section */
		811EE60E258F8E4600488707 /* DownloadManager.swift */ = {isa = PBXFileReference; lastKnownFileType = sourcecode.swift; path = DownloadManager.swift; sourceTree = "<group>"; };
		811EE612258F8FA200488707 /* DownloadModel.swift */ = {isa = PBXFileReference; lastKnownFileType = sourcecode.swift; path = DownloadModel.swift; sourceTree = "<group>"; };
		812514DA25914F60007B4E40 /* MainViewController+ContextualMenus.swift */ = {isa = PBXFileReference; lastKnownFileType = sourcecode.swift; path = "MainViewController+ContextualMenus.swift"; sourceTree = "<group>"; };
		812514DE25915840007B4E40 /* NetworkManager.swift */ = {isa = PBXFileReference; lastKnownFileType = sourcecode.swift; path = NetworkManager.swift; sourceTree = "<group>"; };
		8127AB85258E31B1008373AD /* dl-buddyTests.xctest */ = {isa = PBXFileReference; explicitFileType = wrapper.cfbundle; includeInIndex = 0; path = "dl-buddyTests.xctest"; sourceTree = BUILT_PRODUCTS_DIR; };
		8127AB87258E31B1008373AD /* UtilitiesTests.swift */ = {isa = PBXFileReference; lastKnownFileType = sourcecode.swift; path = UtilitiesTests.swift; sourceTree = "<group>"; };
		8127AB89258E31B1008373AD /* Info.plist */ = {isa = PBXFileReference; lastKnownFileType = text.plist.xml; path = Info.plist; sourceTree = "<group>"; };
		814B19FD2592270600396D66 /* DownloadTableCellRowView.swift */ = {isa = PBXFileReference; lastKnownFileType = sourcecode.swift; path = DownloadTableCellRowView.swift; sourceTree = "<group>"; };
		814B1A032592402800396D66 /* DownloadManagerDelegate.swift */ = {isa = PBXFileReference; lastKnownFileType = sourcecode.swift; path = DownloadManagerDelegate.swift; sourceTree = "<group>"; };
		814FC035258CEC5700B086E4 /* URLAndDestModel.swift */ = {isa = PBXFileReference; lastKnownFileType = sourcecode.swift; path = URLAndDestModel.swift; sourceTree = "<group>"; };
		814FC03C258CFC6C00B086E4 /* Extensions.swift */ = {isa = PBXFileReference; lastKnownFileType = sourcecode.swift; path = Extensions.swift; sourceTree = "<group>"; };
		81A73547258BD2E6006FF70A /* DownloadTableCellView.swift */ = {isa = PBXFileReference; lastKnownFileType = sourcecode.swift; path = DownloadTableCellView.swift; sourceTree = "<group>"; };
		81BC54B22593DDE3001C2385 /* MenuItem.swift */ = {isa = PBXFileReference; lastKnownFileType = sourcecode.swift; path = MenuItem.swift; sourceTree = "<group>"; };
		81BC54B82593DE94001C2385 /* ContentType.swift */ = {isa = PBXFileReference; lastKnownFileType = sourcecode.swift; path = ContentType.swift; sourceTree = "<group>"; };
		81CBF2872588ECDD00FB9D2F /* dl-buddy.app */ = {isa = PBXFileReference; explicitFileType = wrapper.application; includeInIndex = 0; path = "dl-buddy.app"; sourceTree = BUILT_PRODUCTS_DIR; };
		81CBF28A2588ECDD00FB9D2F /* AppDelegate.swift */ = {isa = PBXFileReference; lastKnownFileType = sourcecode.swift; path = AppDelegate.swift; sourceTree = "<group>"; };
		81CBF28C2588ECDD00FB9D2F /* MainViewController.swift */ = {isa = PBXFileReference; lastKnownFileType = sourcecode.swift; path = MainViewController.swift; sourceTree = "<group>"; };
		81CBF28E2588ECDE00FB9D2F /* Assets.xcassets */ = {isa = PBXFileReference; lastKnownFileType = folder.assetcatalog; path = Assets.xcassets; sourceTree = "<group>"; };
		81CBF2912588ECDE00FB9D2F /* Base */ = {isa = PBXFileReference; lastKnownFileType = file.storyboard; name = Base; path = Base.lproj/Main.storyboard; sourceTree = "<group>"; };
		81CBF2932588ECDE00FB9D2F /* Info.plist */ = {isa = PBXFileReference; lastKnownFileType = text.plist.xml; path = Info.plist; sourceTree = "<group>"; };
		81CBF2942588ECDE00FB9D2F /* dl_buddy.entitlements */ = {isa = PBXFileReference; lastKnownFileType = text.plist.entitlements; path = dl_buddy.entitlements; sourceTree = "<group>"; };
		81D7A6D0258CD3060061AC1F /* DestinationPickerViewController.swift */ = {isa = PBXFileReference; lastKnownFileType = sourcecode.swift; path = DestinationPickerViewController.swift; sourceTree = "<group>"; };
/* End PBXFileReference section */

/* Begin PBXFrameworksBuildPhase section */
		8127AB82258E31B1008373AD /* Frameworks */ = {
			isa = PBXFrameworksBuildPhase;
			buildActionMask = 2147483647;
			files = (
			);
			runOnlyForDeploymentPostprocessing = 0;
		};
		81CBF2842588ECDD00FB9D2F /* Frameworks */ = {
			isa = PBXFrameworksBuildPhase;
			buildActionMask = 2147483647;
			files = (
				81CBF2A12588EEC300FB9D2F /* Alamofire in Frameworks */,
			);
			runOnlyForDeploymentPostprocessing = 0;
		};
/* End PBXFrameworksBuildPhase section */

/* Begin PBXGroup section */
		8127AB86258E31B1008373AD /* dl-buddyTests */ = {
			isa = PBXGroup;
			children = (
				8127AB87258E31B1008373AD /* UtilitiesTests.swift */,
				8127AB89258E31B1008373AD /* Info.plist */,
			);
			path = "dl-buddyTests";
			sourceTree = "<group>";
		};
		814B1A0125923FFD00396D66 /* Managers */ = {
			isa = PBXGroup;
			children = (
				812514DE25915840007B4E40 /* NetworkManager.swift */,
				811EE60E258F8E4600488707 /* DownloadManager.swift */,
			);
			path = Managers;
			sourceTree = "<group>";
		};
		814B1A022592400300396D66 /* Protocols */ = {
			isa = PBXGroup;
			children = (
				814B1A032592402800396D66 /* DownloadManagerDelegate.swift */,
			);
			path = Protocols;
			sourceTree = "<group>";
		};
		81BC54B12593DDD7001C2385 /* Enums */ = {
			isa = PBXGroup;
			children = (
				81BC54B22593DDE3001C2385 /* MenuItem.swift */,
				81BC54B82593DE94001C2385 /* ContentType.swift */,
			);
			path = Enums;
			sourceTree = "<group>";
		};
		81CBF27E2588ECDD00FB9D2F = {
			isa = PBXGroup;
			children = (
				81CBF2892588ECDD00FB9D2F /* dl-buddy */,
				8127AB86258E31B1008373AD /* dl-buddyTests */,
				81CBF2882588ECDD00FB9D2F /* Products */,
			);
			sourceTree = "<group>";
		};
		81CBF2882588ECDD00FB9D2F /* Products */ = {
			isa = PBXGroup;
			children = (
				81CBF2872588ECDD00FB9D2F /* dl-buddy.app */,
				8127AB85258E31B1008373AD /* dl-buddyTests.xctest */,
			);
			name = Products;
			sourceTree = "<group>";
		};
		81CBF2892588ECDD00FB9D2F /* dl-buddy */ = {
			isa = PBXGroup;
			children = (
				81CBF2902588ECDE00FB9D2F /* Main.storyboard */,
				81BC54B12593DDD7001C2385 /* Enums */,
				814B1A022592400300396D66 /* Protocols */,
				814B1A0125923FFD00396D66 /* Managers */,
				81F59C37258A180F003DB867 /* View Controllers */,
				81F59C36258A180A003DB867 /* Views */,
				81F59C35258A1805003DB867 /* Models */,
				81CBF2A72588EF1A00FB9D2F /* Stuff */,
			);
			path = "dl-buddy";
			sourceTree = "<group>";
		};
		81CBF2A72588EF1A00FB9D2F /* Stuff */ = {
			isa = PBXGroup;
			children = (
				81CBF28A2588ECDD00FB9D2F /* AppDelegate.swift */,
				814FC03C258CFC6C00B086E4 /* Extensions.swift */,
				81CBF28E2588ECDE00FB9D2F /* Assets.xcassets */,
				81CBF2932588ECDE00FB9D2F /* Info.plist */,
				81CBF2942588ECDE00FB9D2F /* dl_buddy.entitlements */,
			);
			path = Stuff;
			sourceTree = "<group>";
		};
		81F59C35258A1805003DB867 /* Models */ = {
			isa = PBXGroup;
			children = (
				814FC035258CEC5700B086E4 /* URLAndDestModel.swift */,
				811EE612258F8FA200488707 /* DownloadModel.swift */,
			);
			path = Models;
			sourceTree = "<group>";
		};
		81F59C36258A180A003DB867 /* Views */ = {
			isa = PBXGroup;
			children = (
				81A73547258BD2E6006FF70A /* DownloadTableCellView.swift */,
				814B19FD2592270600396D66 /* DownloadTableCellRowView.swift */,
			);
			path = Views;
			sourceTree = "<group>";
		};
		81F59C37258A180F003DB867 /* View Controllers */ = {
			isa = PBXGroup;
			children = (
				81CBF28C2588ECDD00FB9D2F /* MainViewController.swift */,
				812514DA25914F60007B4E40 /* MainViewController+ContextualMenus.swift */,
				81D7A6D0258CD3060061AC1F /* DestinationPickerViewController.swift */,
			);
			path = "View Controllers";
			sourceTree = "<group>";
		};
/* End PBXGroup section */

/* Begin PBXNativeTarget section */
		8127AB84258E31B1008373AD /* dl-buddyTests */ = {
			isa = PBXNativeTarget;
			buildConfigurationList = 8127AB8E258E31B1008373AD /* Build configuration list for PBXNativeTarget "dl-buddyTests" */;
			buildPhases = (
				8127AB81258E31B1008373AD /* Sources */,
				8127AB82258E31B1008373AD /* Frameworks */,
				8127AB83258E31B1008373AD /* Resources */,
			);
			buildRules = (
			);
			dependencies = (
				8127AB8B258E31B1008373AD /* PBXTargetDependency */,
			);
			name = "dl-buddyTests";
			productName = "dl-buddyTests";
			productReference = 8127AB85258E31B1008373AD /* dl-buddyTests.xctest */;
			productType = "com.apple.product-type.bundle.unit-test";
		};
		81CBF2862588ECDD00FB9D2F /* dl-buddy */ = {
			isa = PBXNativeTarget;
			buildConfigurationList = 81CBF2972588ECDE00FB9D2F /* Build configuration list for PBXNativeTarget "dl-buddy" */;
			buildPhases = (
				8127AB91258E3D62008373AD /* ShellScript */,
				81CBF2832588ECDD00FB9D2F /* Sources */,
				81CBF2842588ECDD00FB9D2F /* Frameworks */,
				81CBF2852588ECDD00FB9D2F /* Resources */,
			);
			buildRules = (
			);
			dependencies = (
			);
			name = "dl-buddy";
			packageProductDependencies = (
				81CBF2A02588EEC300FB9D2F /* Alamofire */,
			);
			productName = "dl-buddy";
			productReference = 81CBF2872588ECDD00FB9D2F /* dl-buddy.app */;
			productType = "com.apple.product-type.application";
		};
/* End PBXNativeTarget section */

/* Begin PBXProject section */
		81CBF27F2588ECDD00FB9D2F /* Project object */ = {
			isa = PBXProject;
			attributes = {
				LastSwiftUpdateCheck = 1230;
				LastUpgradeCheck = 1230;
				TargetAttributes = {
					8127AB84258E31B1008373AD = {
						CreatedOnToolsVersion = 12.3;
						TestTargetID = 81CBF2862588ECDD00FB9D2F;
					};
					81CBF2862588ECDD00FB9D2F = {
						CreatedOnToolsVersion = 12.3;
					};
				};
			};
			buildConfigurationList = 81CBF2822588ECDD00FB9D2F /* Build configuration list for PBXProject "dl-buddy" */;
			compatibilityVersion = "Xcode 9.3";
			developmentRegion = en;
			hasScannedForEncodings = 0;
			knownRegions = (
				en,
				Base,
			);
			mainGroup = 81CBF27E2588ECDD00FB9D2F;
			packageReferences = (
				81CBF29F2588EEC300FB9D2F /* XCRemoteSwiftPackageReference "Alamofire" */,
			);
			productRefGroup = 81CBF2882588ECDD00FB9D2F /* Products */;
			projectDirPath = "";
			projectRoot = "";
			targets = (
				81CBF2862588ECDD00FB9D2F /* dl-buddy */,
				8127AB84258E31B1008373AD /* dl-buddyTests */,
			);
		};
/* End PBXProject section */

/* Begin PBXResourcesBuildPhase section */
		8127AB83258E31B1008373AD /* Resources */ = {
			isa = PBXResourcesBuildPhase;
			buildActionMask = 2147483647;
			files = (
			);
			runOnlyForDeploymentPostprocessing = 0;
		};
		81CBF2852588ECDD00FB9D2F /* Resources */ = {
			isa = PBXResourcesBuildPhase;
			buildActionMask = 2147483647;
			files = (
				81CBF28F2588ECDE00FB9D2F /* Assets.xcassets in Resources */,
				81CBF2922588ECDE00FB9D2F /* Main.storyboard in Resources */,
			);
			runOnlyForDeploymentPostprocessing = 0;
		};
/* End PBXResourcesBuildPhase section */

/* Begin PBXShellScriptBuildPhase section */
		8127AB91258E3D62008373AD /* ShellScript */ = {
			isa = PBXShellScriptBuildPhase;
			buildActionMask = 2147483647;
			files = (
			);
			inputFileListPaths = (
			);
			inputPaths = (
			);
			outputFileListPaths = (
			);
			outputPaths = (
			);
			runOnlyForDeploymentPostprocessing = 0;
			shellPath = /bin/sh;
			shellScript = "if which swiftlint >/dev/null; then\n  swiftlint autocorrect && swiftlint\nelse\n  echo \"warning: SwiftLint not installed, download from https://github.com/realm/SwiftLint\"\nfi\n";
		};
/* End PBXShellScriptBuildPhase section */

/* Begin PBXSourcesBuildPhase section */
		8127AB81258E31B1008373AD /* Sources */ = {
			isa = PBXSourcesBuildPhase;
			buildActionMask = 2147483647;
			files = (
				8127AB88258E31B1008373AD /* UtilitiesTests.swift in Sources */,
			);
			runOnlyForDeploymentPostprocessing = 0;
		};
		81CBF2832588ECDD00FB9D2F /* Sources */ = {
			isa = PBXSourcesBuildPhase;
			buildActionMask = 2147483647;
			files = (
				814B19FE2592270600396D66 /* DownloadTableCellRowView.swift in Sources */,
				81A73548258BD2E7006FF70A /* DownloadTableCellView.swift in Sources */,
				814B1A042592402800396D66 /* DownloadManagerDelegate.swift in Sources */,
				814FC03D258CFC6C00B086E4 /* Extensions.swift in Sources */,
				812514DF25915840007B4E40 /* NetworkManager.swift in Sources */,
				81CBF28D2588ECDD00FB9D2F /* MainViewController.swift in Sources */,
				81BC54B32593DDE3001C2385 /* MenuItem.swift in Sources */,
				81CBF28B2588ECDD00FB9D2F /* AppDelegate.swift in Sources */,
				81D7A6D2258CD3060061AC1F /* DestinationPickerViewController.swift in Sources */,
				814FC036258CEC5700B086E4 /* URLAndDestModel.swift in Sources */,
				811EE60F258F8E4600488707 /* DownloadManager.swift in Sources */,
				81BC54B92593DE94001C2385 /* ContentType.swift in Sources */,
				811EE613258F8FA200488707 /* DownloadModel.swift in Sources */,
				812514DB25914F60007B4E40 /* MainViewController+ContextualMenus.swift in Sources */,
			);
			runOnlyForDeploymentPostprocessing = 0;
		};
/* End PBXSourcesBuildPhase section */

/* Begin PBXTargetDependency section */
		8127AB8B258E31B1008373AD /* PBXTargetDependency */ = {
			isa = PBXTargetDependency;
			target = 81CBF2862588ECDD00FB9D2F /* dl-buddy */;
			targetProxy = 8127AB8A258E31B1008373AD /* PBXContainerItemProxy */;
		};
/* End PBXTargetDependency section */

/* Begin PBXVariantGroup section */
		81CBF2902588ECDE00FB9D2F /* Main.storyboard */ = {
			isa = PBXVariantGroup;
			children = (
				81CBF2912588ECDE00FB9D2F /* Base */,
			);
			name = Main.storyboard;
			sourceTree = "<group>";
		};
/* End PBXVariantGroup section */

/* Begin XCBuildConfiguration section */
		8127AB8C258E31B1008373AD /* Debug */ = {
			isa = XCBuildConfiguration;
			buildSettings = {
				BUNDLE_LOADER = "$(TEST_HOST)";
				CODE_SIGN_STYLE = Manual;
				COMBINE_HIDPI_IMAGES = YES;
				DEVELOPMENT_TEAM = 9Y4562FZWB;
				INFOPLIST_FILE = "dl-buddyTests/Info.plist";
				LD_RUNPATH_SEARCH_PATHS = (
					"$(inherited)",
					"@executable_path/../Frameworks",
					"@loader_path/../Frameworks",
				);
				MACOSX_DEPLOYMENT_TARGET = 10.15;
				PRODUCT_BUNDLE_IDENTIFIER = "it.ned.dl-buddyTests";
				PRODUCT_NAME = "$(TARGET_NAME)";
				PROVISIONING_PROFILE_SPECIFIER = "";
				SWIFT_VERSION = 5.0;
				TEST_HOST = "$(BUILT_PRODUCTS_DIR)/dl-buddy.app/Contents/MacOS/dl-buddy";
			};
			name = Debug;
		};
		8127AB8D258E31B1008373AD /* Release */ = {
			isa = XCBuildConfiguration;
			buildSettings = {
				BUNDLE_LOADER = "$(TEST_HOST)";
				CODE_SIGN_STYLE = Manual;
				COMBINE_HIDPI_IMAGES = YES;
				DEVELOPMENT_TEAM = 9Y4562FZWB;
				INFOPLIST_FILE = "dl-buddyTests/Info.plist";
				LD_RUNPATH_SEARCH_PATHS = (
					"$(inherited)",
					"@executable_path/../Frameworks",
					"@loader_path/../Frameworks",
				);
				MACOSX_DEPLOYMENT_TARGET = 10.15;
				PRODUCT_BUNDLE_IDENTIFIER = "it.ned.dl-buddyTests";
				PRODUCT_NAME = "$(TARGET_NAME)";
				PROVISIONING_PROFILE_SPECIFIER = "";
				SWIFT_VERSION = 5.0;
				TEST_HOST = "$(BUILT_PRODUCTS_DIR)/dl-buddy.app/Contents/MacOS/dl-buddy";
			};
			name = Release;
		};
		81CBF2952588ECDE00FB9D2F /* Debug */ = {
			isa = XCBuildConfiguration;
			buildSettings = {
				ALWAYS_SEARCH_USER_PATHS = NO;
				CLANG_ANALYZER_NONNULL = YES;
				CLANG_ANALYZER_NUMBER_OBJECT_CONVERSION = YES_AGGRESSIVE;
				CLANG_CXX_LANGUAGE_STANDARD = "gnu++14";
				CLANG_CXX_LIBRARY = "libc++";
				CLANG_ENABLE_MODULES = YES;
				CLANG_ENABLE_OBJC_ARC = YES;
				CLANG_ENABLE_OBJC_WEAK = YES;
				CLANG_WARN_BLOCK_CAPTURE_AUTORELEASING = YES;
				CLANG_WARN_BOOL_CONVERSION = YES;
				CLANG_WARN_COMMA = YES;
				CLANG_WARN_CONSTANT_CONVERSION = YES;
				CLANG_WARN_DEPRECATED_OBJC_IMPLEMENTATIONS = YES;
				CLANG_WARN_DIRECT_OBJC_ISA_USAGE = YES_ERROR;
				CLANG_WARN_DOCUMENTATION_COMMENTS = YES;
				CLANG_WARN_EMPTY_BODY = YES;
				CLANG_WARN_ENUM_CONVERSION = YES;
				CLANG_WARN_INFINITE_RECURSION = YES;
				CLANG_WARN_INT_CONVERSION = YES;
				CLANG_WARN_NON_LITERAL_NULL_CONVERSION = YES;
				CLANG_WARN_OBJC_IMPLICIT_RETAIN_SELF = YES;
				CLANG_WARN_OBJC_LITERAL_CONVERSION = YES;
				CLANG_WARN_OBJC_ROOT_CLASS = YES_ERROR;
				CLANG_WARN_QUOTED_INCLUDE_IN_FRAMEWORK_HEADER = YES;
				CLANG_WARN_RANGE_LOOP_ANALYSIS = YES;
				CLANG_WARN_STRICT_PROTOTYPES = YES;
				CLANG_WARN_SUSPICIOUS_MOVE = YES;
				CLANG_WARN_UNGUARDED_AVAILABILITY = YES_AGGRESSIVE;
				CLANG_WARN_UNREACHABLE_CODE = YES;
				CLANG_WARN__DUPLICATE_METHOD_MATCH = YES;
				COPY_PHASE_STRIP = NO;
				DEBUG_INFORMATION_FORMAT = dwarf;
				ENABLE_STRICT_OBJC_MSGSEND = YES;
				ENABLE_TESTABILITY = YES;
				GCC_C_LANGUAGE_STANDARD = gnu11;
				GCC_DYNAMIC_NO_PIC = NO;
				GCC_NO_COMMON_BLOCKS = YES;
				GCC_OPTIMIZATION_LEVEL = 0;
				GCC_PREPROCESSOR_DEFINITIONS = (
					"DEBUG=1",
					"$(inherited)",
				);
				GCC_WARN_64_TO_32_BIT_CONVERSION = YES;
				GCC_WARN_ABOUT_RETURN_TYPE = YES_ERROR;
				GCC_WARN_UNDECLARED_SELECTOR = YES;
				GCC_WARN_UNINITIALIZED_AUTOS = YES_AGGRESSIVE;
				GCC_WARN_UNUSED_FUNCTION = YES;
				GCC_WARN_UNUSED_VARIABLE = YES;
				MACOSX_DEPLOYMENT_TARGET = 10.15;
				MTL_ENABLE_DEBUG_INFO = INCLUDE_SOURCE;
				MTL_FAST_MATH = YES;
				ONLY_ACTIVE_ARCH = YES;
				SDKROOT = macosx;
				SWIFT_ACTIVE_COMPILATION_CONDITIONS = DEBUG;
				SWIFT_OPTIMIZATION_LEVEL = "-Onone";
			};
			name = Debug;
		};
		81CBF2962588ECDE00FB9D2F /* Release */ = {
			isa = XCBuildConfiguration;
			buildSettings = {
				ALWAYS_SEARCH_USER_PATHS = NO;
				CLANG_ANALYZER_NONNULL = YES;
				CLANG_ANALYZER_NUMBER_OBJECT_CONVERSION = YES_AGGRESSIVE;
				CLANG_CXX_LANGUAGE_STANDARD = "gnu++14";
				CLANG_CXX_LIBRARY = "libc++";
				CLANG_ENABLE_MODULES = YES;
				CLANG_ENABLE_OBJC_ARC = YES;
				CLANG_ENABLE_OBJC_WEAK = YES;
				CLANG_WARN_BLOCK_CAPTURE_AUTORELEASING = YES;
				CLANG_WARN_BOOL_CONVERSION = YES;
				CLANG_WARN_COMMA = YES;
				CLANG_WARN_CONSTANT_CONVERSION = YES;
				CLANG_WARN_DEPRECATED_OBJC_IMPLEMENTATIONS = YES;
				CLANG_WARN_DIRECT_OBJC_ISA_USAGE = YES_ERROR;
				CLANG_WARN_DOCUMENTATION_COMMENTS = YES;
				CLANG_WARN_EMPTY_BODY = YES;
				CLANG_WARN_ENUM_CONVERSION = YES;
				CLANG_WARN_INFINITE_RECURSION = YES;
				CLANG_WARN_INT_CONVERSION = YES;
				CLANG_WARN_NON_LITERAL_NULL_CONVERSION = YES;
				CLANG_WARN_OBJC_IMPLICIT_RETAIN_SELF = YES;
				CLANG_WARN_OBJC_LITERAL_CONVERSION = YES;
				CLANG_WARN_OBJC_ROOT_CLASS = YES_ERROR;
				CLANG_WARN_QUOTED_INCLUDE_IN_FRAMEWORK_HEADER = YES;
				CLANG_WARN_RANGE_LOOP_ANALYSIS = YES;
				CLANG_WARN_STRICT_PROTOTYPES = YES;
				CLANG_WARN_SUSPICIOUS_MOVE = YES;
				CLANG_WARN_UNGUARDED_AVAILABILITY = YES_AGGRESSIVE;
				CLANG_WARN_UNREACHABLE_CODE = YES;
				CLANG_WARN__DUPLICATE_METHOD_MATCH = YES;
				COPY_PHASE_STRIP = NO;
				DEBUG_INFORMATION_FORMAT = "dwarf-with-dsym";
				ENABLE_NS_ASSERTIONS = NO;
				ENABLE_STRICT_OBJC_MSGSEND = YES;
				GCC_C_LANGUAGE_STANDARD = gnu11;
				GCC_NO_COMMON_BLOCKS = YES;
				GCC_WARN_64_TO_32_BIT_CONVERSION = YES;
				GCC_WARN_ABOUT_RETURN_TYPE = YES_ERROR;
				GCC_WARN_UNDECLARED_SELECTOR = YES;
				GCC_WARN_UNINITIALIZED_AUTOS = YES_AGGRESSIVE;
				GCC_WARN_UNUSED_FUNCTION = YES;
				GCC_WARN_UNUSED_VARIABLE = YES;
				MACOSX_DEPLOYMENT_TARGET = 10.15;
				MTL_ENABLE_DEBUG_INFO = NO;
				MTL_FAST_MATH = YES;
				SDKROOT = macosx;
				SWIFT_COMPILATION_MODE = wholemodule;
				SWIFT_OPTIMIZATION_LEVEL = "-O";
			};
			name = Release;
		};
		81CBF2982588ECDE00FB9D2F /* Debug */ = {
			isa = XCBuildConfiguration;
			buildSettings = {
				ASSETCATALOG_COMPILER_APPICON_NAME = AppIcon;
				ASSETCATALOG_COMPILER_GLOBAL_ACCENT_COLOR_NAME = AccentColor;
				CODE_SIGN_ENTITLEMENTS = "dl-buddy/Stuff/dl_buddy.entitlements";
				CODE_SIGN_STYLE = Manual;
				COMBINE_HIDPI_IMAGES = YES;
				DEVELOPMENT_TEAM = "";
				ENABLE_HARDENED_RUNTIME = YES;
				INFOPLIST_FILE = "dl-buddy/Stuff/Info.plist";
				LD_RUNPATH_SEARCH_PATHS = (
					"$(inherited)",
					"@executable_path/../Frameworks",
				);
				PRODUCT_BUNDLE_IDENTIFIER = "it.ned.dl-buddy";
				PRODUCT_NAME = "$(TARGET_NAME)";
				PROVISIONING_PROFILE_SPECIFIER = "";
				SWIFT_VERSION = 5.0;
			};
			name = Debug;
		};
		81CBF2992588ECDE00FB9D2F /* Release */ = {
			isa = XCBuildConfiguration;
			buildSettings = {
				ASSETCATALOG_COMPILER_APPICON_NAME = AppIcon;
				ASSETCATALOG_COMPILER_GLOBAL_ACCENT_COLOR_NAME = AccentColor;
				CODE_SIGN_ENTITLEMENTS = "dl-buddy/Stuff/dl_buddy.entitlements";
				CODE_SIGN_STYLE = Manual;
				COMBINE_HIDPI_IMAGES = YES;
				DEVELOPMENT_TEAM = "";
				ENABLE_HARDENED_RUNTIME = YES;
				INFOPLIST_FILE = "dl-buddy/Stuff/Info.plist";
				LD_RUNPATH_SEARCH_PATHS = (
					"$(inherited)",
					"@executable_path/../Frameworks",
				);
				PRODUCT_BUNDLE_IDENTIFIER = "it.ned.dl-buddy";
				PRODUCT_NAME = "$(TARGET_NAME)";
				PROVISIONING_PROFILE_SPECIFIER = "";
				SWIFT_VERSION = 5.0;
			};
			name = Release;
		};
/* End XCBuildConfiguration section */

/* Begin XCConfigurationList section */
		8127AB8E258E31B1008373AD /* Build configuration list for PBXNativeTarget "dl-buddyTests" */ = {
			isa = XCConfigurationList;
			buildConfigurations = (
				8127AB8C258E31B1008373AD /* Debug */,
				8127AB8D258E31B1008373AD /* Release */,
			);
			defaultConfigurationIsVisible = 0;
			defaultConfigurationName = Release;
		};
		81CBF2822588ECDD00FB9D2F /* Build configuration list for PBXProject "dl-buddy" */ = {
			isa = XCConfigurationList;
			buildConfigurations = (
				81CBF2952588ECDE00FB9D2F /* Debug */,
				81CBF2962588ECDE00FB9D2F /* Release */,
			);
			defaultConfigurationIsVisible = 0;
			defaultConfigurationName = Release;
		};
		81CBF2972588ECDE00FB9D2F /* Build configuration list for PBXNativeTarget "dl-buddy" */ = {
			isa = XCConfigurationList;
			buildConfigurations = (
				81CBF2982588ECDE00FB9D2F /* Debug */,
				81CBF2992588ECDE00FB9D2F /* Release */,
			);
			defaultConfigurationIsVisible = 0;
			defaultConfigurationName = Release;
		};
/* End XCConfigurationList section */

/* Begin XCRemoteSwiftPackageReference section */
		81CBF29F2588EEC300FB9D2F /* XCRemoteSwiftPackageReference "Alamofire" */ = {
			isa = XCRemoteSwiftPackageReference;
			repositoryURL = "https://github.com/Alamofire/Alamofire.git";
			requirement = {
				kind = upToNextMajorVersion;
				minimumVersion = 5.4.0;
			};
		};
/* End XCRemoteSwiftPackageReference section */

/* Begin XCSwiftPackageProductDependency section */
		81CBF2A02588EEC300FB9D2F /* Alamofire */ = {
			isa = XCSwiftPackageProductDependency;
			package = 81CBF29F2588EEC300FB9D2F /* XCRemoteSwiftPackageReference "Alamofire" */;
			productName = Alamofire;
		};
/* End XCSwiftPackageProductDependency section */
	};
	rootObject = 81CBF27F2588ECDD00FB9D2F /* Project object */;
}
